
Microsoft Visual Studio Solution File, Format Version 12.00
# Visual Studio Version 16
VisualStudioVersion = 16.0.29326.143
MinimumVisualStudioVersion = 10.0.40219.1
Project("{FAE04EC0-301F-11D3-BF4B-00C04F79EFBC}") = "csharp", "src\csharp.csproj", "{176C0214-9136-4079-8DAB-11D7420C3881}"
EndProject
Project("{FAE04EC0-301F-11D3-BF4B-00C04F79EFBC}") = "UnitTestProject1", "UnitTestProject1\UnitTestProject1.csproj", "{FA665FA0-F665-423B-9E80-CCBDF212D7B2}"
EndProject
Global
	GlobalSection(SolutionConfigurationPlatforms) = preSolution
		Debug|Any CPU = Debug|Any CPU
		Release|Any CPU = Release|Any CPU
	EndGlobalSection
	GlobalSection(ProjectConfigurationPlatforms) = postSolution
		{176C0214-9136-4079-8DAB-11D7420C3881}.Debug|Any CPU.ActiveCfg = Debug|Any CPU
		{176C0214-9136-4079-8DAB-11D7420C3881}.Debug|Any CPU.Build.0 = Debug|Any CPU
		{176C0214-9136-4079-8DAB-11D7420C3881}.Release|Any CPU.ActiveCfg = Release|Any CPU
		{176C0214-9136-4079-8DAB-11D7420C3881}.Release|Any CPU.Build.0 = Release|Any CPU
		{FA665FA0-F665-423B-9E80-CCBDF212D7B2}.Debug|Any CPU.ActiveCfg = Debug|Any CPU
		{FA665FA0-F665-423B-9E80-CCBDF212D7B2}.Debug|Any CPU.Build.0 = Debug|Any CPU
		{FA665FA0-F665-423B-9E80-CCBDF212D7B2}.Release|Any CPU.ActiveCfg = Release|Any CPU
		{FA665FA0-F665-423B-9E80-CCBDF212D7B2}.Release|Any CPU.Build.0 = Release|Any CPU
	EndGlobalSection
	GlobalSection(SolutionProperties) = preSolution
		HideSolutionNode = FALSE
	EndGlobalSection
	GlobalSection(ExtensibilityGlobals) = postSolution
		SolutionGuid = {0921A188-62FB-4144-A842-D226940B3B62}
	EndGlobalSection
EndGlobal
